<?xml version="1.0" encoding="UTF-8" standalone="yes" ?>
<CodeBlocks_project_file>
	<FileVersion major="1" minor="6" />
	<Project>
		<Option title="GLstring_library" />
		<Option pch_mode="2" />
		<Option compiler="gcc" />
		<Build>
			<Target title="Debug">
				<Option output="bin/Debug/_GLstring_debug" prefix_auto="1" extension_auto="1" />
				<Option working_dir="" />
				<Option object_output="obj/Debug/" />
				<Option type="2" />
				<Option compiler="gcc" />
				<Option createDefFile="1" />
				<Compiler>
					<Add option="-Wall" />
					<Add option="-g" />
				</Compiler>
			</Target>
			<Target title="Release">
				<Option output="bin/Release/_GLstring" prefix_auto="1" extension_auto="1" />
				<Option working_dir="" />
				<Option object_output="obj/Release/" />
				<Option type="2" />
				<Option compiler="gcc" />
				<Option createDefFile="1" />
				<Compiler>
					<Add option="-Wall" />
					<Add option="-O2" />
				</Compiler>
				<Linker>
					<Add option="-s" />
				</Linker>
			</Target>
		</Build>
		<Compiler>
			<Add directory="C:/CodeBlocks/GLFW-2.7/include" />
			<Add directory="E:/Privat/Programmieren/Klassen/glew-2.1.0/include" />
			<Add directory="E:/Privat/Programmieren/Klassen/stb_master" />
			<Add directory="E:/Privat/Programmieren/Klassen/glm" />
		</Compiler>
		<Linker>
			<Add library="C:/CodeBlocks/GLFW-2.7/lib/libglfw.a" />
			<Add library="E:/Privat/Programmieren/Klassen/glew-2.1.0/lib/Release/x64/glew32.lib" />
			<Add library="E:/Privat/Programmieren/Klassen/glew-2.1.0/lib/Release/x64/glew32s.lib" />
		</Linker>
		<Unit filename="glstr.h" />
		<Unit filename="glstr_src/character_class.cpp" />
		<Unit filename="glstr_src/font_class.cpp" />
		<Unit filename="glstr_src/string_class_src.cpp" />
		<Extensions>
			<code_completion />
			<envvars />
			<debugger />
			<fortran_project />
			<lib_finder disable_auto="1" />
		</Extensions>
	</Project>
</CodeBlocks_project_file>
