<?xml version="1.0" encoding="UTF-8" standalone="yes" ?>
<CodeBlocks_project_file>
	<FileVersion major="1" minor="6" />
	<Project>
		<Option title="SchwarmGUI" />
		<Option pch_mode="2" />
		<Option compiler="gcc" />
		<Build>
			<Target title="Debug">
				<Option output="bin/Debug/SchwarmGUI" prefix_auto="1" extension_auto="1" />
				<Option working_dir="$(CODEBLOCKS)/../glfw-2.7/bin" />
				<Option object_output="obj/Debug/" />
				<Option type="1" />
				<Option compiler="gcc" />
				<Compiler>
					<Add option="-g" />
				</Compiler>
			</Target>
			<Target title="Release">
				<Option output="bin/Release/SchwarmGUI" prefix_auto="1" extension_auto="1" />
				<Option working_dir="$(CODEBLOCKS)/../glfw-2.7/bin" />
				<Option object_output="obj/Release/" />
				<Option type="0" />
				<Option compiler="gcc" />
				<Compiler>
					<Add option="-O2" />
				</Compiler>
				<Linker>
					<Add option="-s" />
				</Linker>
			</Target>
		</Build>
		<Compiler>
			<Add option="-Wall" />
			<Add directory="$(CODEBLOCKS)/../glfw-2.7/include" />
			<Add directory="E:/Privat/Programmieren/Klassen/glew-2.1.0/include" />
			<Add directory="E:/Privat/Programmieren/Klassen/gl_shader-1.0.2/include" />
			<Add directory="E:/Privat/Programmieren/Klassen/glstr-2.1.0/include" />
			<Add directory="E:/Privat/Programmieren/Klassen/glm" />
			<Add directory="E:/Privat/Programmieren/Klassen/glc-1.0.0" />
			<Add directory="E:/Privat/Programmieren/Klassen/event_handler-1.1.0/include" />
			<Add directory="E:/Privat/Programmieren/Klassen/mingw-std-threads-master" />
			<Add directory="E:/Privat/Programmieren/Klassen/stb_master" />
			<Add directory="E:/Privat/Programmieren/Klassen/multi_socket_TCP_v1.0.0" />
			<Add directory="E:/Privat/Programmieren/Klassen/socket_lib_0.5.3" />
			<Add directory="E:/Privat/Programmieren/Klassen/OpenCL/NVIDIA GPU Computing SDK/OpenCL/common/inc" />
		</Compiler>
		<Linker>
			<Add library="E:/Privat/Programmieren/Klassen/OpenCL/NVIDIA GPU Computing SDK/OpenCL/common/lib/Win32/OpenCL.lib" />
			<Add library="E:/Privat/Programmieren/Klassen/gl_shader-1.0.2/lib/lib_glShader.a" />
			<Add library="E:/Privat/Programmieren/Klassen/glstr-2.1.0/lib/lib_GLstring.a" />
			<Add library="E:/Privat/Programmieren/Klassen/glew-2.1.0/lib/Release/Win32/glew32.lib" />
			<Add library="E:/Privat/Programmieren/Klassen/glew-2.1.0/lib/Release/Win32/glew32s.lib" />
			<Add library="E:/Privat/Programmieren/Klassen/event_handler-1.1.0/lib/lib_event_handler.a" />
			<Add library="E:/Privat/Programmieren/Klassen/multi_socket_TCP_v1.0.0/libMultiSocketTCP_1.0.0.a" />
			<Add library="E:/Privat/Programmieren/Klassen/socket_lib_0.5.3/lib_socket_v0.5.3.a" />
			<Add library="C:/CodeBlocks/gcc-8.2-32/i686-pc-mingw32/lib/libws2_32.a" />
			<Add library="glfw" />
			<Add library="opengl32" />
			<Add library="glu32" />
			<Add library="gdi32" />
			<Add directory="$(CODEBLOCKS)/../glfw-2.7/lib" />
		</Linker>
		<Unit filename="GUI/gui_includes/button.h" />
		<Unit filename="GUI/gui_includes/gui.h" />
		<Unit filename="GUI/gui_includes/gui_base.h" />
		<Unit filename="GUI/gui_includes/gui_events.h" />
		<Unit filename="GUI/gui_includes/gui_handler.h" />
		<Unit filename="GUI/gui_includes/gui_renderer.h" />
		<Unit filename="GUI/gui_source/button.cpp" />
		<Unit filename="GUI/gui_source/gui_base.cpp" />
		<Unit filename="GUI/gui_source/gui_handler.cpp" />
		<Unit filename="GUI/gui_source/gui_renderer.cpp" />
		<Unit filename="includes/my_button_event.h" />
		<Unit filename="includes/my_event.h" />
		<Unit filename="includes/my_msg.h" />
		<Unit filename="includes/my_time.h" />
		<Unit filename="includes/window_hanlder.h" />
		<Unit filename="main.cpp" />
		<Extensions>
			<code_completion />
			<envvars />
			<debugger />
			<fortran_project />
			<lib_finder disable_auto="1" />
		</Extensions>
	</Project>
</CodeBlocks_project_file>
